
Microsoft Visual Studio Solution File, Format Version 12.00
# Visual Studio 2012
Project("{FAE04EC0-301F-11D3-BF4B-00C04F79EFBC}") = "Tante_Emma", "Tante_Emma\Tante_Emma.csproj", "{2D47CF7F-114B-4BD6-89EE-640E2FE3554C}"
EndProject
Global
	GlobalSection(SolutionConfigurationPlatforms) = preSolution
		Debug|Any CPU = Debug|Any CPU
		Release|Any CPU = Release|Any CPU
	EndGlobalSection
	GlobalSection(ProjectConfigurationPlatforms) = postSolution
		{2D47CF7F-114B-4BD6-89EE-640E2FE3554C}.Debug|Any CPU.ActiveCfg = Debug|Any CPU
		{2D47CF7F-114B-4BD6-89EE-640E2FE3554C}.Debug|Any CPU.Build.0 = Debug|Any CPU
		{2D47CF7F-114B-4BD6-89EE-640E2FE3554C}.Release|Any CPU.ActiveCfg = Release|Any CPU
		{2D47CF7F-114B-4BD6-89EE-640E2FE3554C}.Release|Any CPU.Build.0 = Release|Any CPU
	EndGlobalSection
EndGlobal
